
Microsoft Visual Studio Solution File, Format Version 11.00
# Visual Basic Express 2010
Project("{F184B08F-C81C-45F6-A57F-5ABD9991F28F}") = "DentalPaymentEnhanced", "DentalPaymentEnhanced\DentalPaymentEnhanced.vbproj", "{2E96C1B8-15C5-45B8-8C8C-FEDE599064DB}"
EndProject
Global
	GlobalSection(SolutionConfigurationPlatforms) = preSolution
		Debug|Any CPU = Debug|Any CPU
		Release|Any CPU = Release|Any CPU
	EndGlobalSection
	GlobalSection(ProjectConfigurationPlatforms) = postSolution
		{2E96C1B8-15C5-45B8-8C8C-FEDE599064DB}.Debug|Any CPU.ActiveCfg = Debug|Any CPU
		{2E96C1B8-15C5-45B8-8C8C-FEDE599064DB}.Debug|Any CPU.Build.0 = Debug|Any CPU
		{2E96C1B8-15C5-45B8-8C8C-FEDE599064DB}.Release|Any CPU.ActiveCfg = Release|Any CPU
		{2E96C1B8-15C5-45B8-8C8C-FEDE599064DB}.Release|Any CPU.Build.0 = Release|Any CPU
	EndGlobalSection
	GlobalSection(SolutionProperties) = preSolution
		HideSolutionNode = FALSE
	EndGlobalSection
EndGlobal
